
Microsoft Visual Studio Solution File, Format Version 12.00
# Visual Studio 15
VisualStudioVersion = 15.0.27130.2026
MinimumVisualStudioVersion = 10.0.40219.1
Project("{9A19103F-16F7-4668-BE54-9A1E7A4F7556}") = "MixedRealityData", "MixedRealityData\MixedRealityData.csproj", "{B631B4DF-8177-4A96-9665-6D1093DF0D38}"
EndProject
Global
	GlobalSection(SolutionConfigurationPlatforms) = preSolution
		Debug|Any CPU = Debug|Any CPU
		Release|Any CPU = Release|Any CPU
	EndGlobalSection
	GlobalSection(ProjectConfigurationPlatforms) = postSolution
		{B631B4DF-8177-4A96-9665-6D1093DF0D38}.Debug|Any CPU.ActiveCfg = Debug|Any CPU
		{B631B4DF-8177-4A96-9665-6D1093DF0D38}.Debug|Any CPU.Build.0 = Debug|Any CPU
		{B631B4DF-8177-4A96-9665-6D1093DF0D38}.Release|Any CPU.ActiveCfg = Release|Any CPU
		{B631B4DF-8177-4A96-9665-6D1093DF0D38}.Release|Any CPU.Build.0 = Release|Any CPU
	EndGlobalSection
	GlobalSection(SolutionProperties) = preSolution
		HideSolutionNode = FALSE
	EndGlobalSection
	GlobalSection(ExtensibilityGlobals) = postSolution
		SolutionGuid = {92F112C7-96EF-4A5C-BCCE-4CFB1C183952}
	EndGlobalSection
EndGlobal
